
Microsoft Visual Studio Solution File, Format Version 12.00
# Visual Studio 15
VisualStudioVersion = 15.0.26430.16
MinimumVisualStudioVersion = 10.0.40219.1
Project("{FAE04EC0-301F-11D3-BF4B-00C04F79EFBC}") = "ClassLibrary1", "ClassLibrary1\ClassLibrary1.csproj", "{B9E6FDA2-3A67-4358-B66A-5832CA4A28DC}"
EndProject
Project("{FAE04EC0-301F-11D3-BF4B-00C04F79EFBC}") = "ConsoleApp2", "ConsoleApp2\ConsoleApp2.csproj", "{2A44C852-DA00-4026-99E8-12521559C503}"
EndProject
Project("{FAE04EC0-301F-11D3-BF4B-00C04F79EFBC}") = "ConsoleApp3", "ConsoleApp3\ConsoleApp3.csproj", "{6B99E966-47F0-437D-AB97-FB21EE89C4FE}"
EndProject
Global
	GlobalSection(SolutionConfigurationPlatforms) = preSolution
		Debug|Any CPU = Debug|Any CPU
		Release|Any CPU = Release|Any CPU
	EndGlobalSection
	GlobalSection(ProjectConfigurationPlatforms) = postSolution
		{B9E6FDA2-3A67-4358-B66A-5832CA4A28DC}.Debug|Any CPU.ActiveCfg = Debug|Any CPU
		{B9E6FDA2-3A67-4358-B66A-5832CA4A28DC}.Debug|Any CPU.Build.0 = Debug|Any CPU
		{B9E6FDA2-3A67-4358-B66A-5832CA4A28DC}.Release|Any CPU.ActiveCfg = Release|Any CPU
		{B9E6FDA2-3A67-4358-B66A-5832CA4A28DC}.Release|Any CPU.Build.0 = Release|Any CPU
		{2A44C852-DA00-4026-99E8-12521559C503}.Debug|Any CPU.ActiveCfg = Debug|Any CPU
		{2A44C852-DA00-4026-99E8-12521559C503}.Debug|Any CPU.Build.0 = Debug|Any CPU
		{2A44C852-DA00-4026-99E8-12521559C503}.Release|Any CPU.ActiveCfg = Release|Any CPU
		{2A44C852-DA00-4026-99E8-12521559C503}.Release|Any CPU.Build.0 = Release|Any CPU
		{6B99E966-47F0-437D-AB97-FB21EE89C4FE}.Debug|Any CPU.ActiveCfg = Debug|Any CPU
		{6B99E966-47F0-437D-AB97-FB21EE89C4FE}.Debug|Any CPU.Build.0 = Debug|Any CPU
		{6B99E966-47F0-437D-AB97-FB21EE89C4FE}.Release|Any CPU.ActiveCfg = Release|Any CPU
		{6B99E966-47F0-437D-AB97-FB21EE89C4FE}.Release|Any CPU.Build.0 = Release|Any CPU
	EndGlobalSection
	GlobalSection(SolutionProperties) = preSolution
		HideSolutionNode = FALSE
	EndGlobalSection
EndGlobal
